// !$*UTF8*$!
{
	archiveVersion = 1;
	classes = {
	};
	objectVersion = 46;
	objects = {

/* Begin PBXBuildFile section */
		EF16A2801E76BC2300C7F6A2 /* TodoListMethodsTests.swift in Sources */ = {isa = PBXBuildFile; fileRef = EF16A27F1E76BC2300C7F6A2 /* TodoListMethodsTests.swift */; };
		EF16A2821E76C0BF00C7F6A2 /* TodoList.swift in Sources */ = {isa = PBXBuildFile; fileRef = EF16A2811E76C0BF00C7F6A2 /* TodoList.swift */; };
		EF1CC79E1E7827110032A5FB /* DoneBase.swift in Sources */ = {isa = PBXBuildFile; fileRef = EF1CC79D1E7827110032A5FB /* DoneBase.swift */; };
		EF1CC7A01E7829EA0032A5FB /* DoneBaseAttibutesTests.swift in Sources */ = {isa = PBXBuildFile; fileRef = EF1CC79F1E7829EA0032A5FB /* DoneBaseAttibutesTests.swift */; };
		EF1CC7A21E782ACC0032A5FB /* DoneBaseMethodsTests.swift in Sources */ = {isa = PBXBuildFile; fileRef = EF1CC7A11E782ACC0032A5FB /* DoneBaseMethodsTests.swift */; };
		EF74180C1E7898E000152945 /* TodoListAttributesTests.swift in Sources */ = {isa = PBXBuildFile; fileRef = EF74180B1E7898E000152945 /* TodoListAttributesTests.swift */; };
		EF7EB5661E7B0F610015CA75 /* TodoListProvider.swift in Sources */ = {isa = PBXBuildFile; fileRef = EF7EB5651E7B0F610015CA75 /* TodoListProvider.swift */; };
		EFB1DD471E71849F00E19749 /* TodoMethodsTests.swift in Sources */ = {isa = PBXBuildFile; fileRef = EFB1DD461E71849F00E19749 /* TodoMethodsTests.swift */; };
		EFC78F181E703EDE000C86BD /* AppDelegate.swift in Sources */ = {isa = PBXBuildFile; fileRef = EFC78F171E703EDE000C86BD /* AppDelegate.swift */; };
		EFC78F1A1E703EDE000C86BD /* ViewController.swift in Sources */ = {isa = PBXBuildFile; fileRef = EFC78F191E703EDE000C86BD /* ViewController.swift */; };
		EFC78F1D1E703EDE000C86BD /* Main.storyboard in Resources */ = {isa = PBXBuildFile; fileRef = EFC78F1B1E703EDE000C86BD /* Main.storyboard */; };
		EFC78F1F1E703EDE000C86BD /* Assets.xcassets in Resources */ = {isa = PBXBuildFile; fileRef = EFC78F1E1E703EDE000C86BD /* Assets.xcassets */; };
		EFC78F221E703EDE000C86BD /* LaunchScreen.storyboard in Resources */ = {isa = PBXBuildFile; fileRef = EFC78F201E703EDE000C86BD /* LaunchScreen.storyboard */; };
		EFC78F2A1E7040D3000C86BD /* Todo.swift in Sources */ = {isa = PBXBuildFile; fileRef = EFC78F291E7040D3000C86BD /* Todo.swift */; };
		EFCC34731E8851990016BDD4 /* TodoListView.swift in Sources */ = {isa = PBXBuildFile; fileRef = EFCC34721E8851990016BDD4 /* TodoListView.swift */; };
		EFF69B631E72DFD300005F4D /* TodoAttributesTests.swift in Sources */ = {isa = PBXBuildFile; fileRef = EFF69B621E72DFD300005F4D /* TodoAttributesTests.swift */; };
/* End PBXBuildFile section */

/* Begin PBXContainerItemProxy section */
		EFB1DD491E71849F00E19749 /* PBXContainerItemProxy */ = {
			isa = PBXContainerItemProxy;
			containerPortal = EFC78F0C1E703EDE000C86BD /* Project object */;
			proxyType = 1;
			remoteGlobalIDString = EFC78F131E703EDE000C86BD;
			remoteInfo = Done;
		};
/* End PBXContainerItemProxy section */

/* Begin PBXFileReference section */
		EF16A27F1E76BC2300C7F6A2 /* TodoListMethodsTests.swift */ = {isa = PBXFileReference; fileEncoding = 4; lastKnownFileType = sourcecode.swift; path = TodoListMethodsTests.swift; sourceTree = "<group>"; };
		EF16A2811E76C0BF00C7F6A2 /* TodoList.swift */ = {isa = PBXFileReference; fileEncoding = 4; lastKnownFileType = sourcecode.swift; path = TodoList.swift; sourceTree = "<group>"; };
		EF1CC79D1E7827110032A5FB /* DoneBase.swift */ = {isa = PBXFileReference; fileEncoding = 4; lastKnownFileType = sourcecode.swift; path = DoneBase.swift; sourceTree = "<group>"; };
		EF1CC79F1E7829EA0032A5FB /* DoneBaseAttibutesTests.swift */ = {isa = PBXFileReference; fileEncoding = 4; lastKnownFileType = sourcecode.swift; path = DoneBaseAttibutesTests.swift; sourceTree = "<group>"; };
		EF1CC7A11E782ACC0032A5FB /* DoneBaseMethodsTests.swift */ = {isa = PBXFileReference; fileEncoding = 4; lastKnownFileType = sourcecode.swift; path = DoneBaseMethodsTests.swift; sourceTree = "<group>"; };
		EF74180B1E7898E000152945 /* TodoListAttributesTests.swift */ = {isa = PBXFileReference; fileEncoding = 4; lastKnownFileType = sourcecode.swift; path = TodoListAttributesTests.swift; sourceTree = "<group>"; };
		EF7EB5651E7B0F610015CA75 /* TodoListProvider.swift */ = {isa = PBXFileReference; fileEncoding = 4; lastKnownFileType = sourcecode.swift; path = TodoListProvider.swift; sourceTree = "<group>"; };
		EFB1DD441E71849F00E19749 /* DoneTests.xctest */ = {isa = PBXFileReference; explicitFileType = wrapper.cfbundle; includeInIndex = 0; path = DoneTests.xctest; sourceTree = BUILT_PRODUCTS_DIR; };
		EFB1DD461E71849F00E19749 /* TodoMethodsTests.swift */ = {isa = PBXFileReference; lastKnownFileType = sourcecode.swift; path = TodoMethodsTests.swift; sourceTree = "<group>"; };
		EFB1DD481E71849F00E19749 /* Info.plist */ = {isa = PBXFileReference; lastKnownFileType = text.plist.xml; path = Info.plist; sourceTree = "<group>"; };
		EFC78F141E703EDE000C86BD /* Done.app */ = {isa = PBXFileReference; explicitFileType = wrapper.application; includeInIndex = 0; path = Done.app; sourceTree = BUILT_PRODUCTS_DIR; };
		EFC78F171E703EDE000C86BD /* AppDelegate.swift */ = {isa = PBXFileReference; lastKnownFileType = sourcecode.swift; path = AppDelegate.swift; sourceTree = "<group>"; };
		EFC78F191E703EDE000C86BD /* ViewController.swift */ = {isa = PBXFileReference; lastKnownFileType = sourcecode.swift; path = ViewController.swift; sourceTree = "<group>"; };
		EFC78F1C1E703EDE000C86BD /* Base */ = {isa = PBXFileReference; lastKnownFileType = file.storyboard; name = Base; path = Base.lproj/Main.storyboard; sourceTree = "<group>"; };
		EFC78F1E1E703EDE000C86BD /* Assets.xcassets */ = {isa = PBXFileReference; lastKnownFileType = folder.assetcatalog; path = Assets.xcassets; sourceTree = "<group>"; };
		EFC78F211E703EDE000C86BD /* Base */ = {isa = PBXFileReference; lastKnownFileType = file.storyboard; name = Base; path = Base.lproj/LaunchScreen.storyboard; sourceTree = "<group>"; };
		EFC78F231E703EDE000C86BD /* Info.plist */ = {isa = PBXFileReference; lastKnownFileType = text.plist.xml; path = Info.plist; sourceTree = "<group>"; };
		EFC78F291E7040D3000C86BD /* Todo.swift */ = {isa = PBXFileReference; fileEncoding = 4; lastKnownFileType = sourcecode.swift; path = Todo.swift; sourceTree = "<group>"; };
		EFCC34721E8851990016BDD4 /* TodoListView.swift */ = {isa = PBXFileReference; fileEncoding = 4; lastKnownFileType = sourcecode.swift; path = TodoListView.swift; sourceTree = "<group>"; };
		EFF69B621E72DFD300005F4D /* TodoAttributesTests.swift */ = {isa = PBXFileReference; fileEncoding = 4; lastKnownFileType = sourcecode.swift; path = TodoAttributesTests.swift; sourceTree = "<group>"; };
/* End PBXFileReference section */

/* Begin PBXFrameworksBuildPhase section */
		EFB1DD411E71849F00E19749 /* Frameworks */ = {
			isa = PBXFrameworksBuildPhase;
			buildActionMask = 2147483647;
			files = (
			);
			runOnlyForDeploymentPostprocessing = 0;
		};
		EFC78F111E703EDE000C86BD /* Frameworks */ = {
			isa = PBXFrameworksBuildPhase;
			buildActionMask = 2147483647;
			files = (
			);
			runOnlyForDeploymentPostprocessing = 0;
		};
/* End PBXFrameworksBuildPhase section */

/* Begin PBXGroup section */
		EFB1DD451E71849F00E19749 /* DoneTests */ = {
			isa = PBXGroup;
			children = (
				EF1CC79F1E7829EA0032A5FB /* DoneBaseAttibutesTests.swift */,
				EF1CC7A11E782ACC0032A5FB /* DoneBaseMethodsTests.swift */,
				EFF69B621E72DFD300005F4D /* TodoAttributesTests.swift */,
				EFB1DD461E71849F00E19749 /* TodoMethodsTests.swift */,
				EF74180B1E7898E000152945 /* TodoListAttributesTests.swift */,
				EF16A27F1E76BC2300C7F6A2 /* TodoListMethodsTests.swift */,
				EFB1DD481E71849F00E19749 /* Info.plist */,
			);
			path = DoneTests;
			sourceTree = "<group>";
		};
		EFC78F0B1E703EDE000C86BD = {
			isa = PBXGroup;
			children = (
				EFC78F161E703EDE000C86BD /* Done */,
				EFB1DD451E71849F00E19749 /* DoneTests */,
				EFC78F151E703EDE000C86BD /* Products */,
			);
			sourceTree = "<group>";
		};
		EFC78F151E703EDE000C86BD /* Products */ = {
			isa = PBXGroup;
			children = (
				EFC78F141E703EDE000C86BD /* Done.app */,
				EFB1DD441E71849F00E19749 /* DoneTests.xctest */,
			);
			name = Products;
			sourceTree = "<group>";
		};
		EFC78F161E703EDE000C86BD /* Done */ = {
			isa = PBXGroup;
			children = (
				EFC78F171E703EDE000C86BD /* AppDelegate.swift */,
				EFC78F191E703EDE000C86BD /* ViewController.swift */,
				EFC78F1B1E703EDE000C86BD /* Main.storyboard */,
				EFC78F1E1E703EDE000C86BD /* Assets.xcassets */,
				EFC78F201E703EDE000C86BD /* LaunchScreen.storyboard */,
				EFC78F231E703EDE000C86BD /* Info.plist */,
				EF1CC79D1E7827110032A5FB /* DoneBase.swift */,
				EFC78F291E7040D3000C86BD /* Todo.swift */,
				EF7EB5651E7B0F610015CA75 /* TodoListProvider.swift */,
				EF16A2811E76C0BF00C7F6A2 /* TodoList.swift */,
				EFCC34721E8851990016BDD4 /* TodoListView.swift */,
			);
			path = Done;
			sourceTree = "<group>";
		};
/* End PBXGroup section */

/* Begin PBXNativeTarget section */
		EFB1DD431E71849F00E19749 /* DoneTests */ = {
			isa = PBXNativeTarget;
			buildConfigurationList = EFB1DD4D1E71849F00E19749 /* Build configuration list for PBXNativeTarget "DoneTests" */;
			buildPhases = (
				EFB1DD401E71849F00E19749 /* Sources */,
				EFB1DD411E71849F00E19749 /* Frameworks */,
				EFB1DD421E71849F00E19749 /* Resources */,
			);
			buildRules = (
			);
			dependencies = (
				EFB1DD4A1E71849F00E19749 /* PBXTargetDependency */,
			);
			name = DoneTests;
			productName = DoneTests;
			productReference = EFB1DD441E71849F00E19749 /* DoneTests.xctest */;
			productType = "com.apple.product-type.bundle.unit-test";
		};
		EFC78F131E703EDE000C86BD /* Done */ = {
			isa = PBXNativeTarget;
			buildConfigurationList = EFC78F261E703EDE000C86BD /* Build configuration list for PBXNativeTarget "Done" */;
			buildPhases = (
				EFC78F101E703EDE000C86BD /* Sources */,
				EFC78F111E703EDE000C86BD /* Frameworks */,
				EFC78F121E703EDE000C86BD /* Resources */,
			);
			buildRules = (
			);
			dependencies = (
			);
			name = Done;
			productName = Done;
			productReference = EFC78F141E703EDE000C86BD /* Done.app */;
			productType = "com.apple.product-type.application";
		};
/* End PBXNativeTarget section */

/* Begin PBXProject section */
		EFC78F0C1E703EDE000C86BD /* Project object */ = {
			isa = PBXProject;
			attributes = {
				LastSwiftUpdateCheck = 0820;
				LastUpgradeCheck = 0820;
				ORGANIZATIONNAME = "David Hariri";
				TargetAttributes = {
					EFB1DD431E71849F00E19749 = {
						CreatedOnToolsVersion = 8.2.1;
						DevelopmentTeam = QVX44SZ46V;
						ProvisioningStyle = Automatic;
						TestTargetID = EFC78F131E703EDE000C86BD;
					};
					EFC78F131E703EDE000C86BD = {
						CreatedOnToolsVersion = 8.2.1;
						DevelopmentTeam = QVX44SZ46V;
						ProvisioningStyle = Automatic;
					};
				};
			};
			buildConfigurationList = EFC78F0F1E703EDE000C86BD /* Build configuration list for PBXProject "Done" */;
			compatibilityVersion = "Xcode 3.2";
			developmentRegion = English;
			hasScannedForEncodings = 0;
			knownRegions = (
				en,
				Base,
			);
			mainGroup = EFC78F0B1E703EDE000C86BD;
			productRefGroup = EFC78F151E703EDE000C86BD /* Products */;
			projectDirPath = "";
			projectRoot = "";
			targets = (
				EFC78F131E703EDE000C86BD /* Done */,
				EFB1DD431E71849F00E19749 /* DoneTests */,
			);
		};
/* End PBXProject section */

/* Begin PBXResourcesBuildPhase section */
		EFB1DD421E71849F00E19749 /* Resources */ = {
			isa = PBXResourcesBuildPhase;
			buildActionMask = 2147483647;
			files = (
			);
			runOnlyForDeploymentPostprocessing = 0;
		};
		EFC78F121E703EDE000C86BD /* Resources */ = {
			isa = PBXResourcesBuildPhase;
			buildActionMask = 2147483647;
			files = (
				EFC78F221E703EDE000C86BD /* LaunchScreen.storyboard in Resources */,
				EFC78F1F1E703EDE000C86BD /* Assets.xcassets in Resources */,
				EFC78F1D1E703EDE000C86BD /* Main.storyboard in Resources */,
			);
			runOnlyForDeploymentPostprocessing = 0;
		};
/* End PBXResourcesBuildPhase section */

/* Begin PBXSourcesBuildPhase section */
		EFB1DD401E71849F00E19749 /* Sources */ = {
			isa = PBXSourcesBuildPhase;
			buildActionMask = 2147483647;
			files = (
				EF1CC7A21E782ACC0032A5FB /* DoneBaseMethodsTests.swift in Sources */,
				EF1CC7A01E7829EA0032A5FB /* DoneBaseAttibutesTests.swift in Sources */,
				EF74180C1E7898E000152945 /* TodoListAttributesTests.swift in Sources */,
				EFF69B631E72DFD300005F4D /* TodoAttributesTests.swift in Sources */,
				EF16A2801E76BC2300C7F6A2 /* TodoListMethodsTests.swift in Sources */,
				EFB1DD471E71849F00E19749 /* TodoMethodsTests.swift in Sources */,
			);
			runOnlyForDeploymentPostprocessing = 0;
		};
		EFC78F101E703EDE000C86BD /* Sources */ = {
			isa = PBXSourcesBuildPhase;
			buildActionMask = 2147483647;
			files = (
				EF7EB5661E7B0F610015CA75 /* TodoListProvider.swift in Sources */,
				EF1CC79E1E7827110032A5FB /* DoneBase.swift in Sources */,
				EFC78F1A1E703EDE000C86BD /* ViewController.swift in Sources */,
				EFC78F2A1E7040D3000C86BD /* Todo.swift in Sources */,
				EFCC34731E8851990016BDD4 /* TodoListView.swift in Sources */,
				EFC78F181E703EDE000C86BD /* AppDelegate.swift in Sources */,
				EF16A2821E76C0BF00C7F6A2 /* TodoList.swift in Sources */,
			);
			runOnlyForDeploymentPostprocessing = 0;
		};
/* End PBXSourcesBuildPhase section */

/* Begin PBXTargetDependency section */
		EFB1DD4A1E71849F00E19749 /* PBXTargetDependency */ = {
			isa = PBXTargetDependency;
			target = EFC78F131E703EDE000C86BD /* Done */;
			targetProxy = EFB1DD491E71849F00E19749 /* PBXContainerItemProxy */;
		};
/* End PBXTargetDependency section */

/* Begin PBXVariantGroup section */
		EFC78F1B1E703EDE000C86BD /* Main.storyboard */ = {
			isa = PBXVariantGroup;
			children = (
				EFC78F1C1E703EDE000C86BD /* Base */,
			);
			name = Main.storyboard;
			sourceTree = "<group>";
		};
		EFC78F201E703EDE000C86BD /* LaunchScreen.storyboard */ = {
			isa = PBXVariantGroup;
			children = (
				EFC78F211E703EDE000C86BD /* Base */,
			);
			name = LaunchScreen.storyboard;
			sourceTree = "<group>";
		};
/* End PBXVariantGroup section */

/* Begin XCBuildConfiguration section */
		EFB1DD4B1E71849F00E19749 /* Debug */ = {
			isa = XCBuildConfiguration;
			buildSettings = {
				BUNDLE_LOADER = "$(TEST_HOST)";
				DEVELOPMENT_TEAM = QVX44SZ46V;
				INFOPLIST_FILE = DoneTests/Info.plist;
				LD_RUNPATH_SEARCH_PATHS = "$(inherited) @executable_path/Frameworks @loader_path/Frameworks";
				PRODUCT_BUNDLE_IDENTIFIER = DH.DoneTests;
				PRODUCT_NAME = "$(TARGET_NAME)";
				SWIFT_VERSION = 3.0;
				TEST_HOST = "$(BUILT_PRODUCTS_DIR)/Done.app/Done";
			};
			name = Debug;
		};
		EFB1DD4C1E71849F00E19749 /* Release */ = {
			isa = XCBuildConfiguration;
			buildSettings = {
				BUNDLE_LOADER = "$(TEST_HOST)";
				DEVELOPMENT_TEAM = QVX44SZ46V;
				INFOPLIST_FILE = DoneTests/Info.plist;
				LD_RUNPATH_SEARCH_PATHS = "$(inherited) @executable_path/Frameworks @loader_path/Frameworks";
				PRODUCT_BUNDLE_IDENTIFIER = DH.DoneTests;
				PRODUCT_NAME = "$(TARGET_NAME)";
				SWIFT_VERSION = 3.0;
				TEST_HOST = "$(BUILT_PRODUCTS_DIR)/Done.app/Done";
			};
			name = Release;
		};
		EFC78F241E703EDE000C86BD /* Debug */ = {
			isa = XCBuildConfiguration;
			buildSettings = {
				ALWAYS_SEARCH_USER_PATHS = NO;
				CLANG_ANALYZER_NONNULL = YES;
				CLANG_CXX_LANGUAGE_STANDARD = "gnu++0x";
				CLANG_CXX_LIBRARY = "libc++";
				CLANG_ENABLE_MODULES = YES;
				CLANG_ENABLE_OBJC_ARC = YES;
				CLANG_WARN_BOOL_CONVERSION = YES;
				CLANG_WARN_CONSTANT_CONVERSION = YES;
				CLANG_WARN_DIRECT_OBJC_ISA_USAGE = YES_ERROR;
				CLANG_WARN_DOCUMENTATION_COMMENTS = YES;
				CLANG_WARN_EMPTY_BODY = YES;
				CLANG_WARN_ENUM_CONVERSION = YES;
				CLANG_WARN_INFINITE_RECURSION = YES;
				CLANG_WARN_INT_CONVERSION = YES;
				CLANG_WARN_OBJC_ROOT_CLASS = YES_ERROR;
				CLANG_WARN_SUSPICIOUS_MOVE = YES;
				CLANG_WARN_UNREACHABLE_CODE = YES;
				CLANG_WARN__DUPLICATE_METHOD_MATCH = YES;
				"CODE_SIGN_IDENTITY[sdk=iphoneos*]" = "iPhone Developer";
				COPY_PHASE_STRIP = NO;
				DEBUG_INFORMATION_FORMAT = dwarf;
				ENABLE_STRICT_OBJC_MSGSEND = YES;
				ENABLE_TESTABILITY = YES;
				GCC_C_LANGUAGE_STANDARD = gnu99;
				GCC_DYNAMIC_NO_PIC = NO;
				GCC_NO_COMMON_BLOCKS = YES;
				GCC_OPTIMIZATION_LEVEL = 0;
				GCC_PREPROCESSOR_DEFINITIONS = (
					"DEBUG=1",
					"$(inherited)",
				);
				GCC_WARN_64_TO_32_BIT_CONVERSION = YES;
				GCC_WARN_ABOUT_RETURN_TYPE = YES_ERROR;
				GCC_WARN_UNDECLARED_SELECTOR = YES;
				GCC_WARN_UNINITIALIZED_AUTOS = YES_AGGRESSIVE;
				GCC_WARN_UNUSED_FUNCTION = YES;
				GCC_WARN_UNUSED_VARIABLE = YES;
				IPHONEOS_DEPLOYMENT_TARGET = 10.2;
				MTL_ENABLE_DEBUG_INFO = YES;
				ONLY_ACTIVE_ARCH = YES;
				SDKROOT = iphoneos;
				SWIFT_ACTIVE_COMPILATION_CONDITIONS = DEBUG;
				SWIFT_OPTIMIZATION_LEVEL = "-Onone";
				TARGETED_DEVICE_FAMILY = "1,2";
			};
			name = Debug;
		};
		EFC78F251E703EDE000C86BD /* Release */ = {
			isa = XCBuildConfiguration;
			buildSettings = {
				ALWAYS_SEARCH_USER_PATHS = NO;
				CLANG_ANALYZER_NONNULL = YES;
				CLANG_CXX_LANGUAGE_STANDARD = "gnu++0x";
				CLANG_CXX_LIBRARY = "libc++";
				CLANG_ENABLE_MODULES = YES;
				CLANG_ENABLE_OBJC_ARC = YES;
				CLANG_WARN_BOOL_CONVERSION = YES;
				CLANG_WARN_CONSTANT_CONVERSION = YES;
				CLANG_WARN_DIRECT_OBJC_ISA_USAGE = YES_ERROR;
				CLANG_WARN_DOCUMENTATION_COMMENTS = YES;
				CLANG_WARN_EMPTY_BODY = YES;
				CLANG_WARN_ENUM_CONVERSION = YES;
				CLANG_WARN_INFINITE_RECURSION = YES;
				CLANG_WARN_INT_CONVERSION = YES;
				CLANG_WARN_OBJC_ROOT_CLASS = YES_ERROR;
				CLANG_WARN_SUSPICIOUS_MOVE = YES;
				CLANG_WARN_UNREACHABLE_CODE = YES;
				CLANG_WARN__DUPLICATE_METHOD_MATCH = YES;
				"CODE_SIGN_IDENTITY[sdk=iphoneos*]" = "iPhone Developer";
				COPY_PHASE_STRIP = NO;
				DEBUG_INFORMATION_FORMAT = "dwarf-with-dsym";
				ENABLE_NS_ASSERTIONS = NO;
				ENABLE_STRICT_OBJC_MSGSEND = YES;
				GCC_C_LANGUAGE_STANDARD = gnu99;
				GCC_NO_COMMON_BLOCKS = YES;
				GCC_WARN_64_TO_32_BIT_CONVERSION = YES;
				GCC_WARN_ABOUT_RETURN_TYPE = YES_ERROR;
				GCC_WARN_UNDECLARED_SELECTOR = YES;
				GCC_WARN_UNINITIALIZED_AUTOS = YES_AGGRESSIVE;
				GCC_WARN_UNUSED_FUNCTION = YES;
				GCC_WARN_UNUSED_VARIABLE = YES;
				IPHONEOS_DEPLOYMENT_TARGET = 10.2;
				MTL_ENABLE_DEBUG_INFO = NO;
				SDKROOT = iphoneos;
				SWIFT_OPTIMIZATION_LEVEL = "-Owholemodule";
				TARGETED_DEVICE_FAMILY = "1,2";
				VALIDATE_PRODUCT = YES;
			};
			name = Release;
		};
		EFC78F271E703EDE000C86BD /* Debug */ = {
			isa = XCBuildConfiguration;
			buildSettings = {
				ASSETCATALOG_COMPILER_APPICON_NAME = AppIcon;
				DEVELOPMENT_TEAM = QVX44SZ46V;
				INFOPLIST_FILE = Done/Info.plist;
				LD_RUNPATH_SEARCH_PATHS = "$(inherited) @executable_path/Frameworks";
				PRODUCT_BUNDLE_IDENTIFIER = DH.Done;
				PRODUCT_NAME = "$(TARGET_NAME)";
				SWIFT_VERSION = 3.0;
			};
			name = Debug;
		};
		EFC78F281E703EDE000C86BD /* Release */ = {
			isa = XCBuildConfiguration;
			buildSettings = {
				ASSETCATALOG_COMPILER_APPICON_NAME = AppIcon;
				DEVELOPMENT_TEAM = QVX44SZ46V;
				INFOPLIST_FILE = Done/Info.plist;
				LD_RUNPATH_SEARCH_PATHS = "$(inherited) @executable_path/Frameworks";
				PRODUCT_BUNDLE_IDENTIFIER = DH.Done;
				PRODUCT_NAME = "$(TARGET_NAME)";
				SWIFT_VERSION = 3.0;
			};
			name = Release;
		};
/* End XCBuildConfiguration section */

/* Begin XCConfigurationList section */
		EFB1DD4D1E71849F00E19749 /* Build configuration list for PBXNativeTarget "DoneTests" */ = {
			isa = XCConfigurationList;
			buildConfigurations = (
				EFB1DD4B1E71849F00E19749 /* Debug */,
				EFB1DD4C1E71849F00E19749 /* Release */,
			);
			defaultConfigurationIsVisible = 0;
			defaultConfigurationName = Release;
		};
		EFC78F0F1E703EDE000C86BD /* Build configuration list for PBXProject "Done" */ = {
			isa = XCConfigurationList;
			buildConfigurations = (
				EFC78F241E703EDE000C86BD /* Debug */,
				EFC78F251E703EDE000C86BD /* Release */,
			);
			defaultConfigurationIsVisible = 0;
			defaultConfigurationName = Release;
		};
		EFC78F261E703EDE000C86BD /* Build configuration list for PBXNativeTarget "Done" */ = {
			isa = XCConfigurationList;
			buildConfigurations = (
				EFC78F271E703EDE000C86BD /* Debug */,
				EFC78F281E703EDE000C86BD /* Release */,
			);
			defaultConfigurationIsVisible = 0;
			defaultConfigurationName = Release;
		};
/* End XCConfigurationList section */
	};
	rootObject = EFC78F0C1E703EDE000C86BD /* Project object */;
}
